Microsoft Visual Studio Solution File, Format Version 12.00
# Visual Studio Version 17
VisualStudioVersion = 17.4.33122.133
MinimumVisualStudioVersion = 10.0.40219.1
Project("{2150E333-8FDC-42A3-9474-1A3956D46DE8}") = "Solution Items", "Solution Items", "{AEFD2691-014C-4763-B4AD-DA5506B1149D}"
	ProjectSection(SolutionItems) = preProject
		.editorconfig = .editorconfig
	EndProjectSection
EndProject
Project("{FAE04EC0-301F-11D3-BF4B-00C04F79EFBC}") = "CbNUnitExample", "NUnit\CbNUnitExample.csproj", "{7A8EBA70-E8F1-472C-843B-321FCC2C36A8}"
EndProject
Project("{FAE04EC0-301F-11D3-BF4B-00C04F79EFBC}") = "CloudBeat.Kit.Common", "..\cb-kit-dotnet\CloudBeat.Kit.Common\CloudBeat.Kit.Common.csproj", "{EE7FE5B9-352E-4B7A-96BF-EB77979DC8CC}"
EndProject
Project("{FAE04EC0-301F-11D3-BF4B-00C04F79EFBC}") = "CloudBeat.Kit.NUnit", "..\cb-kit-dotnet\CloudBeat.Kit.NUnit\CloudBeat.Kit.NUnit.csproj", "{443AC1FE-2BD7-4271-BCD5-1F2F4BE34136}"
EndProject
Project("{FAE04EC0-301F-11D3-BF4B-00C04F79EFBC}") = "MSTestExample", "MSTest\MSTestExample.csproj", "{AC9D8C55-8C62-4229-9166-09EBA28D3AC1}"
EndProject
Project("{FAE04EC0-301F-11D3-BF4B-00C04F79EFBC}") = "CloudBeat.Kit.MSTest", "..\cb-kit-dotnet\CloudBeat.Kit.MSTest\CloudBeat.Kit.MSTest.csproj", "{F70ACDB7-37DC-4F82-BE94-D907ACC90A78}"
EndProject
Global
	GlobalSection(SolutionConfigurationPlatforms) = preSolution
		Debug|Any CPU = Debug|Any CPU
		Release|Any CPU = Release|Any CPU
	EndGlobalSection
	GlobalSection(ProjectConfigurationPlatforms) = postSolution
		{D3192ECC-682F-4A74-BC05-3240E6EC9E6D}.Debug|Any CPU.ActiveCfg = Debug|Any CPU
		{D3192ECC-682F-4A74-BC05-3240E6EC9E6D}.Debug|Any CPU.Build.0 = Debug|Any CPU
		{D3192ECC-682F-4A74-BC05-3240E6EC9E6D}.Release|Any CPU.ActiveCfg = Release|Any CPU
		{D3192ECC-682F-4A74-BC05-3240E6EC9E6D}.Release|Any CPU.Build.0 = Release|Any CPU
		{7A8EBA70-E8F1-472C-843B-321FCC2C36A8}.Debug|Any CPU.ActiveCfg = Debug|Any CPU
		{7A8EBA70-E8F1-472C-843B-321FCC2C36A8}.Debug|Any CPU.Build.0 = Debug|Any CPU
		{7A8EBA70-E8F1-472C-843B-321FCC2C36A8}.Release|Any CPU.ActiveCfg = Release|Any CPU
		{7A8EBA70-E8F1-472C-843B-321FCC2C36A8}.Release|Any CPU.Build.0 = Release|Any CPU
		{EE7FE5B9-352E-4B7A-96BF-EB77979DC8CC}.Debug|Any CPU.ActiveCfg = Debug|Any CPU
		{EE7FE5B9-352E-4B7A-96BF-EB77979DC8CC}.Debug|Any CPU.Build.0 = Debug|Any CPU
		{EE7FE5B9-352E-4B7A-96BF-EB77979DC8CC}.Release|Any CPU.ActiveCfg = Release|Any CPU
		{EE7FE5B9-352E-4B7A-96BF-EB77979DC8CC}.Release|Any CPU.Build.0 = Release|Any CPU
		{443AC1FE-2BD7-4271-BCD5-1F2F4BE34136}.Debug|Any CPU.ActiveCfg = Debug|Any CPU
		{443AC1FE-2BD7-4271-BCD5-1F2F4BE34136}.Debug|Any CPU.Build.0 = Debug|Any CPU
		{443AC1FE-2BD7-4271-BCD5-1F2F4BE34136}.Release|Any CPU.ActiveCfg = Release|Any CPU
		{443AC1FE-2BD7-4271-BCD5-1F2F4BE34136}.Release|Any CPU.Build.0 = Release|Any CPU
		{AC9D8C55-8C62-4229-9166-09EBA28D3AC1}.Debug|Any CPU.ActiveCfg = Debug|Any CPU
		{AC9D8C55-8C62-4229-9166-09EBA28D3AC1}.Debug|Any CPU.Build.0 = Debug|Any CPU
		{AC9D8C55-8C62-4229-9166-09EBA28D3AC1}.Release|Any CPU.ActiveCfg = Release|Any CPU
		{AC9D8C55-8C62-4229-9166-09EBA28D3AC1}.Release|Any CPU.Build.0 = Release|Any CPU
		{F70ACDB7-37DC-4F82-BE94-D907ACC90A78}.Debug|Any CPU.ActiveCfg = Debug|Any CPU
		{F70ACDB7-37DC-4F82-BE94-D907ACC90A78}.Debug|Any CPU.Build.0 = Debug|Any CPU
		{F70ACDB7-37DC-4F82-BE94-D907ACC90A78}.Release|Any CPU.ActiveCfg = Release|Any CPU
		{F70ACDB7-37DC-4F82-BE94-D907ACC90A78}.Release|Any CPU.Build.0 = Release|Any CPU
	EndGlobalSection
	GlobalSection(SolutionProperties) = preSolution
		HideSolutionNode = FALSE
	EndGlobalSection
	GlobalSection(ExtensibilityGlobals) = postSolution
		SolutionGuid = {79CADCC4-6992-4F64-8FDB-86DDD71E32A8}
	EndGlobalSection
EndGlobal
